
Microsoft Visual Studio Solution File, Format Version 12.00
# Visual Studio Version 16
VisualStudioVersion = 16.0.29209.62
MinimumVisualStudioVersion = 10.0.40219.1
Project("{FAE04EC0-301F-11D3-BF4B-00C04F79EFBC}") = "FIT5032_WEEK6", "FIT5032_WEEK6\FIT5032_WEEK6.csproj", "{D64D9696-1DD4-4D9A-AD39-BB5F69B820CF}"
EndProject
Global
	GlobalSection(SolutionConfigurationPlatforms) = preSolution
		Debug|Any CPU = Debug|Any CPU
		Release|Any CPU = Release|Any CPU
	EndGlobalSection
	GlobalSection(ProjectConfigurationPlatforms) = postSolution
		{D64D9696-1DD4-4D9A-AD39-BB5F69B820CF}.Debug|Any CPU.ActiveCfg = Debug|Any CPU
		{D64D9696-1DD4-4D9A-AD39-BB5F69B820CF}.Debug|Any CPU.Build.0 = Debug|Any CPU
		{D64D9696-1DD4-4D9A-AD39-BB5F69B820CF}.Release|Any CPU.ActiveCfg = Release|Any CPU
		{D64D9696-1DD4-4D9A-AD39-BB5F69B820CF}.Release|Any CPU.Build.0 = Release|Any CPU
	EndGlobalSection
	GlobalSection(SolutionProperties) = preSolution
		HideSolutionNode = FALSE
	EndGlobalSection
	GlobalSection(ExtensibilityGlobals) = postSolution
		SolutionGuid = {60B82B4D-FA63-408F-A103-17A74F708CB2}
	EndGlobalSection
EndGlobal
